// !$*UTF8*$!
{
	archiveVersion = 1;
	classes = {
	};
	objectVersion = 77;
	objects = {

/* Begin PBXContainerItemProxy section */
		D5D335392E50AF1C00D4B3E4 /* PBXContainerItemProxy */ = {
			isa = PBXContainerItemProxy;
			containerPortal = D5D335202E50AF1B00D4B3E4 /* Project object */;
			proxyType = 1;
			remoteGlobalIDString = D5D335272E50AF1B00D4B3E4;
			remoteInfo = "Apple Maps Demo";
		};
		D5D335432E50AF1C00D4B3E4 /* PBXContainerItemProxy */ = {
			isa = PBXContainerItemProxy;
			containerPortal = D5D335202E50AF1B00D4B3E4 /* Project object */;
			proxyType = 1;
			remoteGlobalIDString = D5D335272E50AF1B00D4B3E4;
			remoteInfo = "Apple Maps Demo";
		};
/* End PBXContainerItemProxy section */

/* Begin PBXFileReference section */
		D5D335282E50AF1B00D4B3E4 /* Apple Maps Demo.app */ = {isa = PBXFileReference; explicitFileType = wrapper.application; includeInIndex = 0; path = "Apple Maps Demo.app"; sourceTree = BUILT_PRODUCTS_DIR; };
		D5D335382E50AF1C00D4B3E4 /* Apple Maps DemoTests.xctest */ = {isa = PBXFileReference; explicitFileType = wrapper.cfbundle; includeInIndex = 0; path = "Apple Maps DemoTests.xctest"; sourceTree = BUILT_PRODUCTS_DIR; };
		D5D335422E50AF1C00D4B3E4 /* Apple Maps DemoUITests.xctest */ = {isa = PBXFileReference; explicitFileType = wrapper.cfbundle; includeInIndex = 0; path = "Apple Maps DemoUITests.xctest"; sourceTree = BUILT_PRODUCTS_DIR; };
/* End PBXFileReference section */

/* Begin PBXFileSystemSynchronizedRootGroup section */
		D5D3352A2E50AF1B00D4B3E4 /* Apple Maps Demo */ = {
			isa = PBXFileSystemSynchronizedRootGroup;
			path = "Apple Maps Demo";
			sourceTree = "<group>";
		};
		D5D3353B2E50AF1C00D4B3E4 /* Apple Maps DemoTests */ = {
			isa = PBXFileSystemSynchronizedRootGroup;
			path = "Apple Maps DemoTests";
			sourceTree = "<group>";
		};
		D5D335452E50AF1C00D4B3E4 /* Apple Maps DemoUITests */ = {
			isa = PBXFileSystemSynchronizedRootGroup;
			path = "Apple Maps DemoUITests";
			sourceTree = "<group>";
		};
/* End PBXFileSystemSynchronizedRootGroup section */

/* Begin PBXFrameworksBuildPhase section */
		D5D335252E50AF1B00D4B3E4 /* Frameworks */ = {
			isa = PBXFrameworksBuildPhase;
			buildActionMask = 2147483647;
			files = (
			);
			runOnlyForDeploymentPostprocessing = 0;
		};
		D5D335352E50AF1C00D4B3E4 /* Frameworks */ = {
			isa = PBXFrameworksBuildPhase;
			buildActionMask = 2147483647;
			files = (
			);
			runOnlyForDeploymentPostprocessing = 0;
		};
		D5D3353F2E50AF1C00D4B3E4 /* Frameworks */ = {
			isa = PBXFrameworksBuildPhase;
			buildActionMask = 2147483647;
			files = (
			);
			runOnlyForDeploymentPostprocessing = 0;
		};
/* End PBXFrameworksBuildPhase section */

/* Begin PBXGroup section */
		D5D3351F2E50AF1B00D4B3E4 = {
			isa = PBXGroup;
			children = (
				D5D3352A2E50AF1B00D4B3E4 /* Apple Maps Demo */,
				D5D3353B2E50AF1C00D4B3E4 /* Apple Maps DemoTests */,
				D5D335452E50AF1C00D4B3E4 /* Apple Maps DemoUITests */,
				D5D335292E50AF1B00D4B3E4 /* Products */,
			);
			sourceTree = "<group>";
		};
		D5D335292E50AF1B00D4B3E4 /* Products */ = {
			isa = PBXGroup;
			children = (
				D5D335282E50AF1B00D4B3E4 /* Apple Maps Demo.app */,
				D5D335382E50AF1C00D4B3E4 /* Apple Maps DemoTests.xctest */,
				D5D335422E50AF1C00D4B3E4 /* Apple Maps DemoUITests.xctest */,
			);
			name = Products;
			sourceTree = "<group>";
		};
/* End PBXGroup section */

/* Begin PBXNativeTarget section */
		D5D335272E50AF1B00D4B3E4 /* Apple Maps Demo */ = {
			isa = PBXNativeTarget;
			buildConfigurationList = D5D3354C2E50AF1C00D4B3E4 /* Build configuration list for PBXNativeTarget "Apple Maps Demo" */;
			buildPhases = (
				D5D335242E50AF1B00D4B3E4 /* Sources */,
				D5D335252E50AF1B00D4B3E4 /* Frameworks */,
				D5D335262E50AF1B00D4B3E4 /* Resources */,
			);
			buildRules = (
			);
			dependencies = (
			);
			fileSystemSynchronizedGroups = (
				D5D3352A2E50AF1B00D4B3E4 /* Apple Maps Demo */,
			);
			name = "Apple Maps Demo";
			packageProductDependencies = (
			);
			productName = "Apple Maps Demo";
			productReference = D5D335282E50AF1B00D4B3E4 /* Apple Maps Demo.app */;
			productType = "com.apple.product-type.application";
		};
		D5D335372E50AF1C00D4B3E4 /* Apple Maps DemoTests */ = {
			isa = PBXNativeTarget;
			buildConfigurationList = D5D3354F2E50AF1C00D4B3E4 /* Build configuration list for PBXNativeTarget "Apple Maps DemoTests" */;
			buildPhases = (
				D5D335342E50AF1C00D4B3E4 /* Sources */,
				D5D335352E50AF1C00D4B3E4 /* Frameworks */,
				D5D335362E50AF1C00D4B3E4 /* Resources */,
			);
			buildRules = (
			);
			dependencies = (
				D5D3353A2E50AF1C00D4B3E4 /* PBXTargetDependency */,
			);
			fileSystemSynchronizedGroups = (
				D5D3353B2E50AF1C00D4B3E4 /* Apple Maps DemoTests */,
			);
			name = "Apple Maps DemoTests";
			packageProductDependencies = (
			);
			productName = "Apple Maps DemoTests";
			productReference = D5D335382E50AF1C00D4B3E4 /* Apple Maps DemoTests.xctest */;
			productType = "com.apple.product-type.bundle.unit-test";
		};
		D5D335412E50AF1C00D4B3E4 /* Apple Maps DemoUITests */ = {
			isa = PBXNativeTarget;
			buildConfigurationList = D5D335522E50AF1C00D4B3E4 /* Build configuration list for PBXNativeTarget "Apple Maps DemoUITests" */;
			buildPhases = (
				D5D3353E2E50AF1C00D4B3E4 /* Sources */,
				D5D3353F2E50AF1C00D4B3E4 /* Frameworks */,
				D5D335402E50AF1C00D4B3E4 /* Resources */,
			);
			buildRules = (
			);
			dependencies = (
				D5D335442E50AF1C00D4B3E4 /* PBXTargetDependency */,
			);
			fileSystemSynchronizedGroups = (
				D5D335452E50AF1C00D4B3E4 /* Apple Maps DemoUITests */,
			);
			name = "Apple Maps DemoUITests";
			packageProductDependencies = (
			);
			productName = "Apple Maps DemoUITests";
			productReference = D5D335422E50AF1C00D4B3E4 /* Apple Maps DemoUITests.xctest */;
			productType = "com.apple.product-type.bundle.ui-testing";
		};
/* End PBXNativeTarget section */

/* Begin PBXProject section */
		D5D335202E50AF1B00D4B3E4 /* Project object */ = {
			isa = PBXProject;
			attributes = {
				BuildIndependentTargetsInParallel = 1;
				LastSwiftUpdateCheck = 1640;
				LastUpgradeCheck = 1640;
				TargetAttributes = {
					D5D335272E50AF1B00D4B3E4 = {
						CreatedOnToolsVersion = 16.4;
					};
					D5D335372E50AF1C00D4B3E4 = {
						CreatedOnToolsVersion = 16.4;
						TestTargetID = D5D335272E50AF1B00D4B3E4;
					};
					D5D335412E50AF1C00D4B3E4 = {
						CreatedOnToolsVersion = 16.4;
						TestTargetID = D5D335272E50AF1B00D4B3E4;
					};
				};
			};
			buildConfigurationList = D5D335232E50AF1B00D4B3E4 /* Build configuration list for PBXProject "Apple Maps Demo" */;
			developmentRegion = en;
			hasScannedForEncodings = 0;
			knownRegions = (
				en,
				Base,
			);
			mainGroup = D5D3351F2E50AF1B00D4B3E4;
			minimizedProjectReferenceProxies = 1;
			preferredProjectObjectVersion = 77;
			productRefGroup = D5D335292E50AF1B00D4B3E4 /* Products */;
			projectDirPath = "";
			projectRoot = "";
			targets = (
				D5D335272E50AF1B00D4B3E4 /* Apple Maps Demo */,
				D5D335372E50AF1C00D4B3E4 /* Apple Maps DemoTests */,
				D5D335412E50AF1C00D4B3E4 /* Apple Maps DemoUITests */,
			);
		};
/* End PBXProject section */

/* Begin PBXResourcesBuildPhase section */
		D5D335262E50AF1B00D4B3E4 /* Resources */ = {
			isa = PBXResourcesBuildPhase;
			buildActionMask = 2147483647;
			files = (
			);
			runOnlyForDeploymentPostprocessing = 0;
		};
		D5D335362E50AF1C00D4B3E4 /* Resources */ = {
			isa = PBXResourcesBuildPhase;
			buildActionMask = 2147483647;
			files = (
			);
			runOnlyForDeploymentPostprocessing = 0;
		};
		D5D335402E50AF1C00D4B3E4 /* Resources */ = {
			isa = PBXResourcesBuildPhase;
			buildActionMask = 2147483647;
			files = (
			);
			runOnlyForDeploymentPostprocessing = 0;
		};
/* End PBXResourcesBuildPhase section */

/* Begin PBXSourcesBuildPhase section */
		D5D335242E50AF1B00D4B3E4 /* Sources */ = {
			isa = PBXSourcesBuildPhase;
			buildActionMask = 2147483647;
			files = (
			);
			runOnlyForDeploymentPostprocessing = 0;
		};
		D5D335342E50AF1C00D4B3E4 /* Sources */ = {
			isa = PBXSourcesBuildPhase;
			buildActionMask = 2147483647;
			files = (
			);
			runOnlyForDeploymentPostprocessing = 0;
		};
		D5D3353E2E50AF1C00D4B3E4 /* Sources */ = {
			isa = PBXSourcesBuildPhase;
			buildActionMask = 2147483647;
			files = (
			);
			runOnlyForDeploymentPostprocessing = 0;
		};
/* End PBXSourcesBuildPhase section */

/* Begin PBXTargetDependency section */
		D5D3353A2E50AF1C00D4B3E4 /* PBXTargetDependency */ = {
			isa = PBXTargetDependency;
			target = D5D335272E50AF1B00D4B3E4 /* Apple Maps Demo */;
			targetProxy = D5D335392E50AF1C00D4B3E4 /* PBXContainerItemProxy */;
		};
		D5D335442E50AF1C00D4B3E4 /* PBXTargetDependency */ = {
			isa = PBXTargetDependency;
			target = D5D335272E50AF1B00D4B3E4 /* Apple Maps Demo */;
			targetProxy = D5D335432E50AF1C00D4B3E4 /* PBXContainerItemProxy */;
		};
/* End PBXTargetDependency section */

/* Begin XCBuildConfiguration section */
		D5D3354A2E50AF1C00D4B3E4 /* Debug */ = {
			isa = XCBuildConfiguration;
			buildSettings = {
				ALWAYS_SEARCH_USER_PATHS = NO;
				ASSETCATALOG_COMPILER_GENERATE_SWIFT_ASSET_SYMBOL_EXTENSIONS = YES;
				CLANG_ANALYZER_NONNULL = YES;
				CLANG_ANALYZER_NUMBER_OBJECT_CONVERSION = YES_AGGRESSIVE;
				CLANG_CXX_LANGUAGE_STANDARD = "gnu++20";
				CLANG_ENABLE_MODULES = YES;
				CLANG_ENABLE_OBJC_ARC = YES;
				CLANG_ENABLE_OBJC_WEAK = YES;
				CLANG_WARN_BLOCK_CAPTURE_AUTORELEASING = YES;
				CLANG_WARN_BOOL_CONVERSION = YES;
				CLANG_WARN_COMMA = YES;
				CLANG_WARN_CONSTANT_CONVERSION = YES;
				CLANG_WARN_DEPRECATED_OBJC_IMPLEMENTATIONS = YES;
				CLANG_WARN_DIRECT_OBJC_ISA_USAGE = YES_ERROR;
				CLANG_WARN_DOCUMENTATION_COMMENTS = YES;
				CLANG_WARN_EMPTY_BODY = YES;
				CLANG_WARN_ENUM_CONVERSION = YES;
				CLANG_WARN_INFINITE_RECURSION = YES;
				CLANG_WARN_INT_CONVERSION = YES;
				CLANG_WARN_NON_LITERAL_NULL_CONVERSION = YES;
				CLANG_WARN_OBJC_IMPLICIT_RETAIN_SELF = YES;
				CLANG_WARN_OBJC_LITERAL_CONVERSION = YES;
				CLANG_WARN_OBJC_ROOT_CLASS = YES_ERROR;
				CLANG_WARN_QUOTED_INCLUDE_IN_FRAMEWORK_HEADER = YES;
				CLANG_WARN_RANGE_LOOP_ANALYSIS = YES;
				CLANG_WARN_STRICT_PROTOTYPES = YES;
				CLANG_WARN_SUSPICIOUS_MOVE = YES;
				CLANG_WARN_UNGUARDED_AVAILABILITY = YES_AGGRESSIVE;
				CLANG_WARN_UNREACHABLE_CODE = YES;
				CLANG_WARN__DUPLICATE_METHOD_MATCH = YES;
				COPY_PHASE_STRIP = NO;
				DEBUG_INFORMATION_FORMAT = dwarf;
				DEVELOPMENT_TEAM = SVQ48LQGB4;
				ENABLE_STRICT_OBJC_MSGSEND = YES;
				ENABLE_TESTABILITY = YES;
				ENABLE_USER_SCRIPT_SANDBOXING = YES;
				GCC_C_LANGUAGE_STANDARD = gnu17;
				GCC_DYNAMIC_NO_PIC = NO;
				GCC_NO_COMMON_BLOCKS = YES;
				GCC_OPTIMIZATION_LEVEL = 0;
				GCC_PREPROCESSOR_DEFINITIONS = (
					"DEBUG=1",
					"$(inherited)",
				);
				GCC_WARN_64_TO_32_BIT_CONVERSION = YES;
				GCC_WARN_ABOUT_RETURN_TYPE = YES_ERROR;
				GCC_WARN_UNDECLARED_SELECTOR = YES;
				GCC_WARN_UNINITIALIZED_AUTOS = YES_AGGRESSIVE;
				GCC_WARN_UNUSED_FUNCTION = YES;
				GCC_WARN_UNUSED_VARIABLE = YES;
				LOCALIZATION_PREFERS_STRING_CATALOGS = YES;
				MTL_ENABLE_DEBUG_INFO = INCLUDE_SOURCE;
				MTL_FAST_MATH = YES;
				ONLY_ACTIVE_ARCH = YES;
				SWIFT_ACTIVE_COMPILATION_CONDITIONS = "DEBUG $(inherited)";
				SWIFT_OPTIMIZATION_LEVEL = "-Onone";
			};
			name = Debug;
		};
		D5D3354B2E50AF1C00D4B3E4 /* Release */ = {
			isa = XCBuildConfiguration;
			buildSettings = {
				ALWAYS_SEARCH_USER_PATHS = NO;
				ASSETCATALOG_COMPILER_GENERATE_SWIFT_ASSET_SYMBOL_EXTENSIONS = YES;
				CLANG_ANALYZER_NONNULL = YES;
				CLANG_ANALYZER_NUMBER_OBJECT_CONVERSION = YES_AGGRESSIVE;
				CLANG_CXX_LANGUAGE_STANDARD = "gnu++20";
				CLANG_ENABLE_MODULES = YES;
				CLANG_ENABLE_OBJC_ARC = YES;
				CLANG_ENABLE_OBJC_WEAK = YES;
				CLANG_WARN_BLOCK_CAPTURE_AUTORELEASING = YES;
				CLANG_WARN_BOOL_CONVERSION = YES;
				CLANG_WARN_COMMA = YES;
				CLANG_WARN_CONSTANT_CONVERSION = YES;
				CLANG_WARN_DEPRECATED_OBJC_IMPLEMENTATIONS = YES;
				CLANG_WARN_DIRECT_OBJC_ISA_USAGE = YES_ERROR;
				CLANG_WARN_DOCUMENTATION_COMMENTS = YES;
				CLANG_WARN_EMPTY_BODY = YES;
				CLANG_WARN_ENUM_CONVERSION = YES;
				CLANG_WARN_INFINITE_RECURSION = YES;
				CLANG_WARN_INT_CONVERSION = YES;
				CLANG_WARN_NON_LITERAL_NULL_CONVERSION = YES;
				CLANG_WARN_OBJC_IMPLICIT_RETAIN_SELF = YES;
				CLANG_WARN_OBJC_LITERAL_CONVERSION = YES;
				CLANG_WARN_OBJC_ROOT_CLASS = YES_ERROR;
				CLANG_WARN_QUOTED_INCLUDE_IN_FRAMEWORK_HEADER = YES;
				CLANG_WARN_RANGE_LOOP_ANALYSIS = YES;
				CLANG_WARN_STRICT_PROTOTYPES = YES;
				CLANG_WARN_SUSPICIOUS_MOVE = YES;
				CLANG_WARN_UNGUARDED_AVAILABILITY = YES_AGGRESSIVE;
				CLANG_WARN_UNREACHABLE_CODE = YES;
				CLANG_WARN__DUPLICATE_METHOD_MATCH = YES;
				COPY_PHASE_STRIP = NO;
				DEBUG_INFORMATION_FORMAT = "dwarf-with-dsym";
				DEVELOPMENT_TEAM = SVQ48LQGB4;
				ENABLE_NS_ASSERTIONS = NO;
				ENABLE_STRICT_OBJC_MSGSEND = YES;
				ENABLE_USER_SCRIPT_SANDBOXING = YES;
				GCC_C_LANGUAGE_STANDARD = gnu17;
				GCC_NO_COMMON_BLOCKS = YES;
				GCC_WARN_64_TO_32_BIT_CONVERSION = YES;
				GCC_WARN_ABOUT_RETURN_TYPE = YES_ERROR;
				GCC_WARN_UNDECLARED_SELECTOR = YES;
				GCC_WARN_UNINITIALIZED_AUTOS = YES_AGGRESSIVE;
				GCC_WARN_UNUSED_FUNCTION = YES;
				GCC_WARN_UNUSED_VARIABLE = YES;
				LOCALIZATION_PREFERS_STRING_CATALOGS = YES;
				MTL_ENABLE_DEBUG_INFO = NO;
				MTL_FAST_MATH = YES;
				SWIFT_COMPILATION_MODE = wholemodule;
			};
			name = Release;
		};
		D5D3354D2E50AF1C00D4B3E4 /* Debug */ = {
			isa = XCBuildConfiguration;
			buildSettings = {
				ASSETCATALOG_COMPILER_APPICON_NAME = AppIcon;
				ASSETCATALOG_COMPILER_GLOBAL_ACCENT_COLOR_NAME = AccentColor;
				CODE_SIGN_ENTITLEMENTS = "Apple Maps Demo/Apple_Maps_Demo.entitlements";
				CODE_SIGN_STYLE = Automatic;
				CURRENT_PROJECT_VERSION = 1;
				DEVELOPMENT_TEAM = SVQ48LQGB4;
				ENABLE_HARDENED_RUNTIME = YES;
				ENABLE_PREVIEWS = YES;
				GENERATE_INFOPLIST_FILE = YES;
				INFOPLIST_KEY_LSSupportsOpeningDocumentsInPlace = YES;
				INFOPLIST_KEY_NSLocationAlwaysAndWhenInUseUsageDescription = "Audio Tours needs your location to provide audio content even when the app is in the background, ensuring seamless tour experiences.";
				INFOPLIST_KEY_NSLocationAlwaysUsageDescription = "Audio Tours needs continuous location access to trigger audio content at points of interest and provide uninterrupted tour experiences.";
				INFOPLIST_KEY_NSLocationWhenInUseUsageDescription = "Audio Tours needs your location to provide location-based audio content and guide you through points of interest.";
				INFOPLIST_KEY_NSMicrophoneUsageDescription = "Audio Tours may use the microphone for voice commands and interactions in future updates.";
				"INFOPLIST_KEY_UIApplicationSceneManifest_Generation[sdk=iphoneos*]" = YES;
				"INFOPLIST_KEY_UIApplicationSceneManifest_Generation[sdk=iphonesimulator*]" = YES;
				"INFOPLIST_KEY_UIApplicationSupportsIndirectInputEvents[sdk=iphoneos*]" = YES;
				"INFOPLIST_KEY_UIApplicationSupportsIndirectInputEvents[sdk=iphonesimulator*]" = YES;
				INFOPLIST_KEY_UIBackgroundModes = "audio location fetch";
				INFOPLIST_KEY_UIFileSharingEnabled = YES;
				"INFOPLIST_KEY_UILaunchScreen_Generation[sdk=iphoneos*]" = YES;
				"INFOPLIST_KEY_UILaunchScreen_Generation[sdk=iphonesimulator*]" = YES;
				INFOPLIST_KEY_UIRequiredDeviceCapabilities = "armv7 location-services gps audio";
				"INFOPLIST_KEY_UIStatusBarStyle[sdk=iphoneos*]" = UIStatusBarStyleDefault;
				"INFOPLIST_KEY_UIStatusBarStyle[sdk=iphonesimulator*]" = UIStatusBarStyleDefault;
				INFOPLIST_KEY_UISupportedInterfaceOrientations_iPad = "UIInterfaceOrientationPortrait UIInterfaceOrientationPortraitUpsideDown UIInterfaceOrientationLandscapeLeft UIInterfaceOrientationLandscapeRight";
				INFOPLIST_KEY_UISupportedInterfaceOrientations_iPhone = "UIInterfaceOrientationPortrait UIInterfaceOrientationLandscapeLeft UIInterfaceOrientationLandscapeRight";
				IPHONEOS_DEPLOYMENT_TARGET = 17.0;
				LD_RUNPATH_SEARCH_PATHS = "@executable_path/Frameworks";
				"LD_RUNPATH_SEARCH_PATHS[sdk=macosx*]" = "@executable_path/../Frameworks";
				MACOSX_DEPLOYMENT_TARGET = 14.0;
				MARKETING_VERSION = 1.0;
				PRODUCT_BUNDLE_IDENTIFIER = "com.jlusenhop.wavetrack.watchkitapp.Apple-Maps-Demo";
				PRODUCT_NAME = "$(TARGET_NAME)";
				REGISTER_APP_GROUPS = YES;
				SDKROOT = auto;
				SUPPORTED_PLATFORMS = "iphoneos iphonesimulator macosx xros xrsimulator";
				SWIFT_EMIT_LOC_STRINGS = YES;
				SWIFT_VERSION = 5.0;
				TARGETED_DEVICE_FAMILY = "1,2,7";
				XROS_DEPLOYMENT_TARGET = 2.5;
			};
			name = Debug;
		};
		D5D3354E2E50AF1C00D4B3E4 /* Release */ = {
			isa = XCBuildConfiguration;
			buildSettings = {
				ASSETCATALOG_COMPILER_APPICON_NAME = AppIcon;
				ASSETCATALOG_COMPILER_GLOBAL_ACCENT_COLOR_NAME = AccentColor;
				CODE_SIGN_ENTITLEMENTS = "Apple Maps Demo/Apple_Maps_Demo.entitlements";
				CODE_SIGN_STYLE = Automatic;
				CURRENT_PROJECT_VERSION = 1;
				DEVELOPMENT_TEAM = SVQ48LQGB4;
				ENABLE_HARDENED_RUNTIME = YES;
				ENABLE_PREVIEWS = YES;
				GENERATE_INFOPLIST_FILE = YES;
				INFOPLIST_KEY_LSSupportsOpeningDocumentsInPlace = YES;
				INFOPLIST_KEY_NSLocationAlwaysAndWhenInUseUsageDescription = "Audio Tours needs your location to provide audio content even when the app is in the background, ensuring seamless tour experiences.";
				INFOPLIST_KEY_NSLocationAlwaysUsageDescription = "Audio Tours needs continuous location access to trigger audio content at points of interest and provide uninterrupted tour experiences.";
				INFOPLIST_KEY_NSLocationWhenInUseUsageDescription = "Audio Tours needs your location to provide location-based audio content and guide you through points of interest.";
				INFOPLIST_KEY_NSMicrophoneUsageDescription = "Audio Tours may use the microphone for voice commands and interactions in future updates.";
				"INFOPLIST_KEY_UIApplicationSceneManifest_Generation[sdk=iphoneos*]" = YES;
				"INFOPLIST_KEY_UIApplicationSceneManifest_Generation[sdk=iphonesimulator*]" = YES;
				"INFOPLIST_KEY_UIApplicationSupportsIndirectInputEvents[sdk=iphoneos*]" = YES;
				"INFOPLIST_KEY_UIApplicationSupportsIndirectInputEvents[sdk=iphonesimulator*]" = YES;
				INFOPLIST_KEY_UIBackgroundModes = "audio location fetch";
				INFOPLIST_KEY_UIFileSharingEnabled = YES;
				"INFOPLIST_KEY_UILaunchScreen_Generation[sdk=iphoneos*]" = YES;
				"INFOPLIST_KEY_UILaunchScreen_Generation[sdk=iphonesimulator*]" = YES;
				INFOPLIST_KEY_UIRequiredDeviceCapabilities = "armv7 location-services gps audio";
				"INFOPLIST_KEY_UIStatusBarStyle[sdk=iphoneos*]" = UIStatusBarStyleDefault;
				"INFOPLIST_KEY_UIStatusBarStyle[sdk=iphonesimulator*]" = UIStatusBarStyleDefault;
				INFOPLIST_KEY_UISupportedInterfaceOrientations_iPad = "UIInterfaceOrientationPortrait UIInterfaceOrientationPortraitUpsideDown UIInterfaceOrientationLandscapeLeft UIInterfaceOrientationLandscapeRight";
				INFOPLIST_KEY_UISupportedInterfaceOrientations_iPhone = "UIInterfaceOrientationPortrait UIInterfaceOrientationLandscapeLeft UIInterfaceOrientationLandscapeRight";
				IPHONEOS_DEPLOYMENT_TARGET = 17.0;
				LD_RUNPATH_SEARCH_PATHS = "@executable_path/Frameworks";
				"LD_RUNPATH_SEARCH_PATHS[sdk=macosx*]" = "@executable_path/../Frameworks";
				MACOSX_DEPLOYMENT_TARGET = 14.0;
				MARKETING_VERSION = 1.0;
				PRODUCT_BUNDLE_IDENTIFIER = "com.jlusenhop.wavetrack.watchkitapp.Apple-Maps-Demo";
				PRODUCT_NAME = "$(TARGET_NAME)";
				REGISTER_APP_GROUPS = YES;
				SDKROOT = auto;
				SUPPORTED_PLATFORMS = "iphoneos iphonesimulator macosx xros xrsimulator";
				SWIFT_EMIT_LOC_STRINGS = YES;
				SWIFT_VERSION = 5.0;
				TARGETED_DEVICE_FAMILY = "1,2,7";
				XROS_DEPLOYMENT_TARGET = 2.5;
			};
			name = Release;
		};
		D5D335502E50AF1C00D4B3E4 /* Debug */ = {
			isa = XCBuildConfiguration;
			buildSettings = {
				BUNDLE_LOADER = "$(TEST_HOST)";
				CODE_SIGN_STYLE = Automatic;
				CURRENT_PROJECT_VERSION = 1;
				DEVELOPMENT_TEAM = SVQ48LQGB4;
				GENERATE_INFOPLIST_FILE = YES;
				IPHONEOS_DEPLOYMENT_TARGET = 18.5;
				MACOSX_DEPLOYMENT_TARGET = 15.5;
				MARKETING_VERSION = 1.0;
				PRODUCT_BUNDLE_IDENTIFIER = "com.jlusenhop.wavetrack.watchkitapp.Apple-Maps-DemoTests";
				PRODUCT_NAME = "$(TARGET_NAME)";
				SDKROOT = auto;
				SUPPORTED_PLATFORMS = "iphoneos iphonesimulator macosx xros xrsimulator";
				SWIFT_EMIT_LOC_STRINGS = NO;
				SWIFT_VERSION = 5.0;
				TARGETED_DEVICE_FAMILY = "1,2,7";
				TEST_HOST = "$(BUILT_PRODUCTS_DIR)/Apple Maps Demo.app/$(BUNDLE_EXECUTABLE_FOLDER_PATH)/Apple Maps Demo";
				XROS_DEPLOYMENT_TARGET = 2.5;
			};
			name = Debug;
		};
		D5D335512E50AF1C00D4B3E4 /* Release */ = {
			isa = XCBuildConfiguration;
			buildSettings = {
				BUNDLE_LOADER = "$(TEST_HOST)";
				CODE_SIGN_STYLE = Automatic;
				CURRENT_PROJECT_VERSION = 1;
				DEVELOPMENT_TEAM = SVQ48LQGB4;
				GENERATE_INFOPLIST_FILE = YES;
				IPHONEOS_DEPLOYMENT_TARGET = 18.5;
				MACOSX_DEPLOYMENT_TARGET = 15.5;
				MARKETING_VERSION = 1.0;
				PRODUCT_BUNDLE_IDENTIFIER = "com.jlusenhop.wavetrack.watchkitapp.Apple-Maps-DemoTests";
				PRODUCT_NAME = "$(TARGET_NAME)";
				SDKROOT = auto;
				SUPPORTED_PLATFORMS = "iphoneos iphonesimulator macosx xros xrsimulator";
				SWIFT_EMIT_LOC_STRINGS = NO;
				SWIFT_VERSION = 5.0;
				TARGETED_DEVICE_FAMILY = "1,2,7";
				TEST_HOST = "$(BUILT_PRODUCTS_DIR)/Apple Maps Demo.app/$(BUNDLE_EXECUTABLE_FOLDER_PATH)/Apple Maps Demo";
				XROS_DEPLOYMENT_TARGET = 2.5;
			};
			name = Release;
		};
		D5D335532E50AF1C00D4B3E4 /* Debug */ = {
			isa = XCBuildConfiguration;
			buildSettings = {
				CODE_SIGN_STYLE = Automatic;
				CURRENT_PROJECT_VERSION = 1;
				DEVELOPMENT_TEAM = SVQ48LQGB4;
				GENERATE_INFOPLIST_FILE = YES;
				IPHONEOS_DEPLOYMENT_TARGET = 18.5;
				MACOSX_DEPLOYMENT_TARGET = 15.5;
				MARKETING_VERSION = 1.0;
				PRODUCT_BUNDLE_IDENTIFIER = "com.jlusenhop.wavetrack.watchkitapp.Apple-Maps-DemoUITests";
				PRODUCT_NAME = "$(TARGET_NAME)";
				SDKROOT = auto;
				SUPPORTED_PLATFORMS = "iphoneos iphonesimulator macosx xros xrsimulator";
				SWIFT_EMIT_LOC_STRINGS = NO;
				SWIFT_VERSION = 5.0;
				TARGETED_DEVICE_FAMILY = "1,2,7";
				TEST_TARGET_NAME = "Apple Maps Demo";
				XROS_DEPLOYMENT_TARGET = 2.5;
			};
			name = Debug;
		};
		D5D335542E50AF1C00D4B3E4 /* Release */ = {
			isa = XCBuildConfiguration;
			buildSettings = {
				CODE_SIGN_STYLE = Automatic;
				CURRENT_PROJECT_VERSION = 1;
				DEVELOPMENT_TEAM = SVQ48LQGB4;
				GENERATE_INFOPLIST_FILE = YES;
				IPHONEOS_DEPLOYMENT_TARGET = 18.5;
				MACOSX_DEPLOYMENT_TARGET = 15.5;
				MARKETING_VERSION = 1.0;
				PRODUCT_BUNDLE_IDENTIFIER = "com.jlusenhop.wavetrack.watchkitapp.Apple-Maps-DemoUITests";
				PRODUCT_NAME = "$(TARGET_NAME)";
				SDKROOT = auto;
				SUPPORTED_PLATFORMS = "iphoneos iphonesimulator macosx xros xrsimulator";
				SWIFT_EMIT_LOC_STRINGS = NO;
				SWIFT_VERSION = 5.0;
				TARGETED_DEVICE_FAMILY = "1,2,7";
				TEST_TARGET_NAME = "Apple Maps Demo";
				XROS_DEPLOYMENT_TARGET = 2.5;
			};
			name = Release;
		};
/* End XCBuildConfiguration section */

/* Begin XCConfigurationList section */
		D5D335232E50AF1B00D4B3E4 /* Build configuration list for PBXProject "Apple Maps Demo" */ = {
			isa = XCConfigurationList;
			buildConfigurations = (
				D5D3354A2E50AF1C00D4B3E4 /* Debug */,
				D5D3354B2E50AF1C00D4B3E4 /* Release */,
			);
			defaultConfigurationIsVisible = 0;
			defaultConfigurationName = Release;
		};
		D5D3354C2E50AF1C00D4B3E4 /* Build configuration list for PBXNativeTarget "Apple Maps Demo" */ = {
			isa = XCConfigurationList;
			buildConfigurations = (
				D5D3354D2E50AF1C00D4B3E4 /* Debug */,
				D5D3354E2E50AF1C00D4B3E4 /* Release */,
			);
			defaultConfigurationIsVisible = 0;
			defaultConfigurationName = Release;
		};
		D5D3354F2E50AF1C00D4B3E4 /* Build configuration list for PBXNativeTarget "Apple Maps DemoTests" */ = {
			isa = XCConfigurationList;
			buildConfigurations = (
				D5D335502E50AF1C00D4B3E4 /* Debug */,
				D5D335512E50AF1C00D4B3E4 /* Release */,
			);
			defaultConfigurationIsVisible = 0;
			defaultConfigurationName = Release;
		};
		D5D335522E50AF1C00D4B3E4 /* Build configuration list for PBXNativeTarget "Apple Maps DemoUITests" */ = {
			isa = XCConfigurationList;
			buildConfigurations = (
				D5D335532E50AF1C00D4B3E4 /* Debug */,
				D5D335542E50AF1C00D4B3E4 /* Release */,
			);
			defaultConfigurationIsVisible = 0;
			defaultConfigurationName = Release;
		};
/* End XCConfigurationList section */
	};
	rootObject = D5D335202E50AF1B00D4B3E4 /* Project object */;
}
